
Microsoft Visual Studio Solution File, Format Version 12.00
# Visual Studio 15
VisualStudioVersion = 15.0.28307.421
MinimumVisualStudioVersion = 10.0.40219.1
Project("{FAE04EC0-301F-11D3-BF4B-00C04F79EFBC}") = "fmanager.win", "fmanager.win\fmanager.win.csproj", "{863A4E88-E2CF-414F-BAC5-E079153C8816}"
EndProject
Project("{FAE04EC0-301F-11D3-BF4B-00C04F79EFBC}") = "fmanager.test", "fmanager.test\fmanager.test.csproj", "{2E3DF5C2-8A38-4A03-86D7-8D463C917E47}"
EndProject
Project("{FAE04EC0-301F-11D3-BF4B-00C04F79EFBC}") = "fmanager.db", "fmanager.db\fmanager.db.csproj", "{FCADFA7E-0881-4670-83F9-5DB08ABE49F0}"
EndProject
Global
	GlobalSection(SolutionConfigurationPlatforms) = preSolution
		Debug|Any CPU = Debug|Any CPU
		Release|Any CPU = Release|Any CPU
	EndGlobalSection
	GlobalSection(ProjectConfigurationPlatforms) = postSolution
		{863A4E88-E2CF-414F-BAC5-E079153C8816}.Debug|Any CPU.ActiveCfg = Debug|Any CPU
		{863A4E88-E2CF-414F-BAC5-E079153C8816}.Debug|Any CPU.Build.0 = Debug|Any CPU
		{863A4E88-E2CF-414F-BAC5-E079153C8816}.Release|Any CPU.ActiveCfg = Release|Any CPU
		{863A4E88-E2CF-414F-BAC5-E079153C8816}.Release|Any CPU.Build.0 = Release|Any CPU
		{2E3DF5C2-8A38-4A03-86D7-8D463C917E47}.Debug|Any CPU.ActiveCfg = Debug|Any CPU
		{2E3DF5C2-8A38-4A03-86D7-8D463C917E47}.Debug|Any CPU.Build.0 = Debug|Any CPU
		{2E3DF5C2-8A38-4A03-86D7-8D463C917E47}.Release|Any CPU.ActiveCfg = Release|Any CPU
		{2E3DF5C2-8A38-4A03-86D7-8D463C917E47}.Release|Any CPU.Build.0 = Release|Any CPU
		{FCADFA7E-0881-4670-83F9-5DB08ABE49F0}.Debug|Any CPU.ActiveCfg = Debug|Any CPU
		{FCADFA7E-0881-4670-83F9-5DB08ABE49F0}.Debug|Any CPU.Build.0 = Debug|Any CPU
		{FCADFA7E-0881-4670-83F9-5DB08ABE49F0}.Release|Any CPU.ActiveCfg = Release|Any CPU
		{FCADFA7E-0881-4670-83F9-5DB08ABE49F0}.Release|Any CPU.Build.0 = Release|Any CPU
	EndGlobalSection
	GlobalSection(SolutionProperties) = preSolution
		HideSolutionNode = FALSE
	EndGlobalSection
	GlobalSection(ExtensibilityGlobals) = postSolution
		SolutionGuid = {33E017F4-52E1-4F46-A12C-F86D43BF13DC}
	EndGlobalSection
EndGlobal
